// !$*UTF8*$!
{
	archiveVersion = 1;
	classes = {
	};
	objectVersion = 56;
	objects = {

/* Begin PBXBuildFile section */
		70715D5A2B79CBC2003B9DF8 /* Movie_ViewerApp.swift in Sources */ = {isa = PBXBuildFile; fileRef = 70715D592B79CBC2003B9DF8 /* Movie_ViewerApp.swift */; };
		70715D5C2B79CBC2003B9DF8 /* ContentView.swift in Sources */ = {isa = PBXBuildFile; fileRef = 70715D5B2B79CBC2003B9DF8 /* ContentView.swift */; };
		70715D5E2B79CBC4003B9DF8 /* Assets.xcassets in Resources */ = {isa = PBXBuildFile; fileRef = 70715D5D2B79CBC4003B9DF8 /* Assets.xcassets */; };
		70715D612B79CBC4003B9DF8 /* Preview Assets.xcassets in Resources */ = {isa = PBXBuildFile; fileRef = 70715D602B79CBC4003B9DF8 /* Preview Assets.xcassets */; };
		70715D742B79CD5F003B9DF8 /* Movie.swift in Sources */ = {isa = PBXBuildFile; fileRef = 70715D732B79CD5F003B9DF8 /* Movie.swift */; };
		70715D762B79CD8C003B9DF8 /* urlImage.swift in Sources */ = {isa = PBXBuildFile; fileRef = 70715D752B79CD8C003B9DF8 /* urlImage.swift */; };
		70715D7A2B79CE16003B9DF8 /* Nuke in Frameworks */ = {isa = PBXBuildFile; productRef = 70715D792B79CE16003B9DF8 /* Nuke */; };
		70715D7C2B79CE16003B9DF8 /* NukeExtensions in Frameworks */ = {isa = PBXBuildFile; productRef = 70715D7B2B79CE16003B9DF8 /* NukeExtensions */; };
		70715D7E2B79CE16003B9DF8 /* NukeUI in Frameworks */ = {isa = PBXBuildFile; productRef = 70715D7D2B79CE16003B9DF8 /* NukeUI */; };
/* End PBXBuildFile section */

/* Begin PBXFileReference section */
		70715D562B79CBC2003B9DF8 /* Movie Viewer.app */ = {isa = PBXFileReference; explicitFileType = wrapper.application; includeInIndex = 0; path = "Movie Viewer.app"; sourceTree = BUILT_PRODUCTS_DIR; };
		70715D592B79CBC2003B9DF8 /* Movie_ViewerApp.swift */ = {isa = PBXFileReference; lastKnownFileType = sourcecode.swift; path = Movie_ViewerApp.swift; sourceTree = "<group>"; };
		70715D5B2B79CBC2003B9DF8 /* ContentView.swift */ = {isa = PBXFileReference; lastKnownFileType = sourcecode.swift; path = ContentView.swift; sourceTree = "<group>"; };
		70715D5D2B79CBC4003B9DF8 /* Assets.xcassets */ = {isa = PBXFileReference; lastKnownFileType = folder.assetcatalog; path = Assets.xcassets; sourceTree = "<group>"; };
		70715D602B79CBC4003B9DF8 /* Preview Assets.xcassets */ = {isa = PBXFileReference; lastKnownFileType = folder.assetcatalog; path = "Preview Assets.xcassets"; sourceTree = "<group>"; };
		70715D732B79CD5F003B9DF8 /* Movie.swift */ = {isa = PBXFileReference; lastKnownFileType = sourcecode.swift; path = Movie.swift; sourceTree = "<group>"; };
		70715D752B79CD8C003B9DF8 /* urlImage.swift */ = {isa = PBXFileReference; lastKnownFileType = sourcecode.swift; path = urlImage.swift; sourceTree = "<group>"; };
/* End PBXFileReference section */

/* Begin PBXFrameworksBuildPhase section */
		70715D532B79CBC2003B9DF8 /* Frameworks */ = {
			isa = PBXFrameworksBuildPhase;
			buildActionMask = 2147483647;
			files = (
				70715D7E2B79CE16003B9DF8 /* NukeUI in Frameworks */,
				70715D7A2B79CE16003B9DF8 /* Nuke in Frameworks */,
				70715D7C2B79CE16003B9DF8 /* NukeExtensions in Frameworks */,
			);
			runOnlyForDeploymentPostprocessing = 0;
		};
/* End PBXFrameworksBuildPhase section */

/* Begin PBXGroup section */
		70715D4D2B79CBC2003B9DF8 = {
			isa = PBXGroup;
			children = (
				70715D582B79CBC2003B9DF8 /* Movie Viewer */,
				70715D572B79CBC2003B9DF8 /* Products */,
			);
			sourceTree = "<group>";
		};
		70715D572B79CBC2003B9DF8 /* Products */ = {
			isa = PBXGroup;
			children = (
				70715D562B79CBC2003B9DF8 /* Movie Viewer.app */,
			);
			name = Products;
			sourceTree = "<group>";
		};
		70715D582B79CBC2003B9DF8 /* Movie Viewer */ = {
			isa = PBXGroup;
			children = (
				70715D592B79CBC2003B9DF8 /* Movie_ViewerApp.swift */,
				70715D732B79CD5F003B9DF8 /* Movie.swift */,
				70715D752B79CD8C003B9DF8 /* urlImage.swift */,
				70715D5B2B79CBC2003B9DF8 /* ContentView.swift */,
				70715D5D2B79CBC4003B9DF8 /* Assets.xcassets */,
				70715D5F2B79CBC4003B9DF8 /* Preview Content */,
			);
			path = "Movie Viewer";
			sourceTree = "<group>";
		};
		70715D5F2B79CBC4003B9DF8 /* Preview Content */ = {
			isa = PBXGroup;
			children = (
				70715D602B79CBC4003B9DF8 /* Preview Assets.xcassets */,
			);
			path = "Preview Content";
			sourceTree = "<group>";
		};
/* End PBXGroup section */

/* Begin PBXNativeTarget section */
		70715D552B79CBC2003B9DF8 /* Movie Viewer */ = {
			isa = PBXNativeTarget;
			buildConfigurationList = 70715D642B79CBC4003B9DF8 /* Build configuration list for PBXNativeTarget "Movie Viewer" */;
			buildPhases = (
				70715D522B79CBC2003B9DF8 /* Sources */,
				70715D532B79CBC2003B9DF8 /* Frameworks */,
				70715D542B79CBC2003B9DF8 /* Resources */,
			);
			buildRules = (
			);
			dependencies = (
			);
			name = "Movie Viewer";
			packageProductDependencies = (
				70715D792B79CE16003B9DF8 /* Nuke */,
				70715D7B2B79CE16003B9DF8 /* NukeExtensions */,
				70715D7D2B79CE16003B9DF8 /* NukeUI */,
			);
			productName = "Movie Viewer";
			productReference = 70715D562B79CBC2003B9DF8 /* Movie Viewer.app */;
			productType = "com.apple.product-type.application";
		};
/* End PBXNativeTarget section */

/* Begin PBXProject section */
		70715D4E2B79CBC2003B9DF8 /* Project object */ = {
			isa = PBXProject;
			attributes = {
				BuildIndependentTargetsInParallel = 1;
				LastSwiftUpdateCheck = 1430;
				LastUpgradeCheck = 1430;
				TargetAttributes = {
					70715D552B79CBC2003B9DF8 = {
						CreatedOnToolsVersion = 14.3.1;
					};
				};
			};
			buildConfigurationList = 70715D512B79CBC2003B9DF8 /* Build configuration list for PBXProject "Movie Viewer" */;
			compatibilityVersion = "Xcode 14.0";
			developmentRegion = en;
			hasScannedForEncodings = 0;
			knownRegions = (
				en,
				Base,
			);
			mainGroup = 70715D4D2B79CBC2003B9DF8;
			packageReferences = (
				70715D772B79CDBC003B9DF8 /* XCRemoteSwiftPackageReference "url-image" */,
				70715D782B79CE16003B9DF8 /* XCRemoteSwiftPackageReference "Nuke" */,
			);
			productRefGroup = 70715D572B79CBC2003B9DF8 /* Products */;
			projectDirPath = "";
			projectRoot = "";
			targets = (
				70715D552B79CBC2003B9DF8 /* Movie Viewer */,
			);
		};
/* End PBXProject section */

/* Begin PBXResourcesBuildPhase section */
		70715D542B79CBC2003B9DF8 /* Resources */ = {
			isa = PBXResourcesBuildPhase;
			buildActionMask = 2147483647;
			files = (
				70715D612B79CBC4003B9DF8 /* Preview Assets.xcassets in Resources */,
				70715D5E2B79CBC4003B9DF8 /* Assets.xcassets in Resources */,
			);
			runOnlyForDeploymentPostprocessing = 0;
		};
/* End PBXResourcesBuildPhase section */

/* Begin PBXSourcesBuildPhase section */
		70715D522B79CBC2003B9DF8 /* Sources */ = {
			isa = PBXSourcesBuildPhase;
			buildActionMask = 2147483647;
			files = (
				70715D5C2B79CBC2003B9DF8 /* ContentView.swift in Sources */,
				70715D5A2B79CBC2003B9DF8 /* Movie_ViewerApp.swift in Sources */,
				70715D742B79CD5F003B9DF8 /* Movie.swift in Sources */,
				70715D762B79CD8C003B9DF8 /* urlImage.swift in Sources */,
			);
			runOnlyForDeploymentPostprocessing = 0;
		};
/* End PBXSourcesBuildPhase section */

/* Begin XCBuildConfiguration section */
		70715D622B79CBC4003B9DF8 /* Debug */ = {
			isa = XCBuildConfiguration;
			buildSettings = {
				ALWAYS_SEARCH_USER_PATHS = NO;
				CLANG_ANALYZER_NONNULL = YES;
				CLANG_ANALYZER_NUMBER_OBJECT_CONVERSION = YES_AGGRESSIVE;
				CLANG_CXX_LANGUAGE_STANDARD = "gnu++20";
				CLANG_ENABLE_MODULES = YES;
				CLANG_ENABLE_OBJC_ARC = YES;
				CLANG_ENABLE_OBJC_WEAK = YES;
				CLANG_WARN_BLOCK_CAPTURE_AUTORELEASING = YES;
				CLANG_WARN_BOOL_CONVERSION = YES;
				CLANG_WARN_COMMA = YES;
				CLANG_WARN_CONSTANT_CONVERSION = YES;
				CLANG_WARN_DEPRECATED_OBJC_IMPLEMENTATIONS = YES;
				CLANG_WARN_DIRECT_OBJC_ISA_USAGE = YES_ERROR;
				CLANG_WARN_DOCUMENTATION_COMMENTS = YES;
				CLANG_WARN_EMPTY_BODY = YES;
				CLANG_WARN_ENUM_CONVERSION = YES;
				CLANG_WARN_INFINITE_RECURSION = YES;
				CLANG_WARN_INT_CONVERSION = YES;
				CLANG_WARN_NON_LITERAL_NULL_CONVERSION = YES;
				CLANG_WARN_OBJC_IMPLICIT_RETAIN_SELF = YES;
				CLANG_WARN_OBJC_LITERAL_CONVERSION = YES;
				CLANG_WARN_OBJC_ROOT_CLASS = YES_ERROR;
				CLANG_WARN_QUOTED_INCLUDE_IN_FRAMEWORK_HEADER = YES;
				CLANG_WARN_RANGE_LOOP_ANALYSIS = YES;
				CLANG_WARN_STRICT_PROTOTYPES = YES;
				CLANG_WARN_SUSPICIOUS_MOVE = YES;
				CLANG_WARN_UNGUARDED_AVAILABILITY = YES_AGGRESSIVE;
				CLANG_WARN_UNREACHABLE_CODE = YES;
				CLANG_WARN__DUPLICATE_METHOD_MATCH = YES;
				COPY_PHASE_STRIP = NO;
				DEBUG_INFORMATION_FORMAT = dwarf;
				ENABLE_STRICT_OBJC_MSGSEND = YES;
				ENABLE_TESTABILITY = YES;
				GCC_C_LANGUAGE_STANDARD = gnu11;
				GCC_DYNAMIC_NO_PIC = NO;
				GCC_NO_COMMON_BLOCKS = YES;
				GCC_OPTIMIZATION_LEVEL = 0;
				GCC_PREPROCESSOR_DEFINITIONS = (
					"DEBUG=1",
					"$(inherited)",
				);
				GCC_WARN_64_TO_32_BIT_CONVERSION = YES;
				GCC_WARN_ABOUT_RETURN_TYPE = YES_ERROR;
				GCC_WARN_UNDECLARED_SELECTOR = YES;
				GCC_WARN_UNINITIALIZED_AUTOS = YES_AGGRESSIVE;
				GCC_WARN_UNUSED_FUNCTION = YES;
				GCC_WARN_UNUSED_VARIABLE = YES;
				IPHONEOS_DEPLOYMENT_TARGET = 16.4;
				MTL_ENABLE_DEBUG_INFO = INCLUDE_SOURCE;
				MTL_FAST_MATH = YES;
				ONLY_ACTIVE_ARCH = YES;
				SDKROOT = iphoneos;
				SWIFT_ACTIVE_COMPILATION_CONDITIONS = DEBUG;
				SWIFT_OPTIMIZATION_LEVEL = "-Onone";
			};
			name = Debug;
		};
		70715D632B79CBC4003B9DF8 /* Release */ = {
			isa = XCBuildConfiguration;
			buildSettings = {
				ALWAYS_SEARCH_USER_PATHS = NO;
				CLANG_ANALYZER_NONNULL = YES;
				CLANG_ANALYZER_NUMBER_OBJECT_CONVERSION = YES_AGGRESSIVE;
				CLANG_CXX_LANGUAGE_STANDARD = "gnu++20";
				CLANG_ENABLE_MODULES = YES;
				CLANG_ENABLE_OBJC_ARC = YES;
				CLANG_ENABLE_OBJC_WEAK = YES;
				CLANG_WARN_BLOCK_CAPTURE_AUTORELEASING = YES;
				CLANG_WARN_BOOL_CONVERSION = YES;
				CLANG_WARN_COMMA = YES;
				CLANG_WARN_CONSTANT_CONVERSION = YES;
				CLANG_WARN_DEPRECATED_OBJC_IMPLEMENTATIONS = YES;
				CLANG_WARN_DIRECT_OBJC_ISA_USAGE = YES_ERROR;
				CLANG_WARN_DOCUMENTATION_COMMENTS = YES;
				CLANG_WARN_EMPTY_BODY = YES;
				CLANG_WARN_ENUM_CONVERSION = YES;
				CLANG_WARN_INFINITE_RECURSION = YES;
				CLANG_WARN_INT_CONVERSION = YES;
				CLANG_WARN_NON_LITERAL_NULL_CONVERSION = YES;
				CLANG_WARN_OBJC_IMPLICIT_RETAIN_SELF = YES;
				CLANG_WARN_OBJC_LITERAL_CONVERSION = YES;
				CLANG_WARN_OBJC_ROOT_CLASS = YES_ERROR;
				CLANG_WARN_QUOTED_INCLUDE_IN_FRAMEWORK_HEADER = YES;
				CLANG_WARN_RANGE_LOOP_ANALYSIS = YES;
				CLANG_WARN_STRICT_PROTOTYPES = YES;
				CLANG_WARN_SUSPICIOUS_MOVE = YES;
				CLANG_WARN_UNGUARDED_AVAILABILITY = YES_AGGRESSIVE;
				CLANG_WARN_UNREACHABLE_CODE = YES;
				CLANG_WARN__DUPLICATE_METHOD_MATCH = YES;
				COPY_PHASE_STRIP = NO;
				DEBUG_INFORMATION_FORMAT = "dwarf-with-dsym";
				ENABLE_NS_ASSERTIONS = NO;
				ENABLE_STRICT_OBJC_MSGSEND = YES;
				GCC_C_LANGUAGE_STANDARD = gnu11;
				GCC_NO_COMMON_BLOCKS = YES;
				GCC_WARN_64_TO_32_BIT_CONVERSION = YES;
				GCC_WARN_ABOUT_RETURN_TYPE = YES_ERROR;
				GCC_WARN_UNDECLARED_SELECTOR = YES;
				GCC_WARN_UNINITIALIZED_AUTOS = YES_AGGRESSIVE;
				GCC_WARN_UNUSED_FUNCTION = YES;
				GCC_WARN_UNUSED_VARIABLE = YES;
				IPHONEOS_DEPLOYMENT_TARGET = 16.4;
				MTL_ENABLE_DEBUG_INFO = NO;
				MTL_FAST_MATH = YES;
				SDKROOT = iphoneos;
				SWIFT_COMPILATION_MODE = wholemodule;
				SWIFT_OPTIMIZATION_LEVEL = "-O";
				VALIDATE_PRODUCT = YES;
			};
			name = Release;
		};
		70715D652B79CBC4003B9DF8 /* Debug */ = {
			isa = XCBuildConfiguration;
			buildSettings = {
				ASSETCATALOG_COMPILER_APPICON_NAME = AppIcon;
				ASSETCATALOG_COMPILER_GLOBAL_ACCENT_COLOR_NAME = AccentColor;
				CODE_SIGN_STYLE = Automatic;
				CURRENT_PROJECT_VERSION = 1;
				DEVELOPMENT_ASSET_PATHS = "\"Movie Viewer/Preview Content\"";
				ENABLE_PREVIEWS = YES;
				GENERATE_INFOPLIST_FILE = YES;
				INFOPLIST_KEY_UIApplicationSceneManifest_Generation = YES;
				INFOPLIST_KEY_UIApplicationSupportsIndirectInputEvents = YES;
				INFOPLIST_KEY_UILaunchScreen_Generation = YES;
				INFOPLIST_KEY_UISupportedInterfaceOrientations_iPad = "UIInterfaceOrientationPortrait UIInterfaceOrientationPortraitUpsideDown UIInterfaceOrientationLandscapeLeft UIInterfaceOrientationLandscapeRight";
				INFOPLIST_KEY_UISupportedInterfaceOrientations_iPhone = "UIInterfaceOrientationPortrait UIInterfaceOrientationLandscapeLeft UIInterfaceOrientationLandscapeRight";
				LD_RUNPATH_SEARCH_PATHS = (
					"$(inherited)",
					"@executable_path/Frameworks",
				);
				MARKETING_VERSION = 1.0;
				PRODUCT_BUNDLE_IDENTIFIER = "mobile-ios-development.Movie-Viewer";
				PRODUCT_NAME = "$(TARGET_NAME)";
				SWIFT_EMIT_LOC_STRINGS = YES;
				SWIFT_VERSION = 5.0;
				TARGETED_DEVICE_FAMILY = "1,2";
			};
			name = Debug;
		};
		70715D662B79CBC4003B9DF8 /* Release */ = {
			isa = XCBuildConfiguration;
			buildSettings = {
				ASSETCATALOG_COMPILER_APPICON_NAME = AppIcon;
				ASSETCATALOG_COMPILER_GLOBAL_ACCENT_COLOR_NAME = AccentColor;
				CODE_SIGN_STYLE = Automatic;
				CURRENT_PROJECT_VERSION = 1;
				DEVELOPMENT_ASSET_PATHS = "\"Movie Viewer/Preview Content\"";
				ENABLE_PREVIEWS = YES;
				GENERATE_INFOPLIST_FILE = YES;
				INFOPLIST_KEY_UIApplicationSceneManifest_Generation = YES;
				INFOPLIST_KEY_UIApplicationSupportsIndirectInputEvents = YES;
				INFOPLIST_KEY_UILaunchScreen_Generation = YES;
				INFOPLIST_KEY_UISupportedInterfaceOrientations_iPad = "UIInterfaceOrientationPortrait UIInterfaceOrientationPortraitUpsideDown UIInterfaceOrientationLandscapeLeft UIInterfaceOrientationLandscapeRight";
				INFOPLIST_KEY_UISupportedInterfaceOrientations_iPhone = "UIInterfaceOrientationPortrait UIInterfaceOrientationLandscapeLeft UIInterfaceOrientationLandscapeRight";
				LD_RUNPATH_SEARCH_PATHS = (
					"$(inherited)",
					"@executable_path/Frameworks",
				);
				MARKETING_VERSION = 1.0;
				PRODUCT_BUNDLE_IDENTIFIER = "mobile-ios-development.Movie-Viewer";
				PRODUCT_NAME = "$(TARGET_NAME)";
				SWIFT_EMIT_LOC_STRINGS = YES;
				SWIFT_VERSION = 5.0;
				TARGETED_DEVICE_FAMILY = "1,2";
			};
			name = Release;
		};
/* End XCBuildConfiguration section */

/* Begin XCConfigurationList section */
		70715D512B79CBC2003B9DF8 /* Build configuration list for PBXProject "Movie Viewer" */ = {
			isa = XCConfigurationList;
			buildConfigurations = (
				70715D622B79CBC4003B9DF8 /* Debug */,
				70715D632B79CBC4003B9DF8 /* Release */,
			);
			defaultConfigurationIsVisible = 0;
			defaultConfigurationName = Release;
		};
		70715D642B79CBC4003B9DF8 /* Build configuration list for PBXNativeTarget "Movie Viewer" */ = {
			isa = XCConfigurationList;
			buildConfigurations = (
				70715D652B79CBC4003B9DF8 /* Debug */,
				70715D662B79CBC4003B9DF8 /* Release */,
			);
			defaultConfigurationIsVisible = 0;
			defaultConfigurationName = Release;
		};
/* End XCConfigurationList section */

/* Begin XCRemoteSwiftPackageReference section */
		70715D772B79CDBC003B9DF8 /* XCRemoteSwiftPackageReference "url-image" */ = {
			isa = XCRemoteSwiftPackageReference;
			repositoryURL = "https://github.com/dmytro-anokhin/url-image.git";
			requirement = {
				kind = upToNextMajorVersion;
				minimumVersion = 3.0.0;
			};
		};
		70715D782B79CE16003B9DF8 /* XCRemoteSwiftPackageReference "Nuke" */ = {
			isa = XCRemoteSwiftPackageReference;
			repositoryURL = "https://github.com/kean/Nuke.git";
			requirement = {
				kind = upToNextMajorVersion;
				minimumVersion = 12.0.0;
			};
		};
/* End XCRemoteSwiftPackageReference section */

/* Begin XCSwiftPackageProductDependency section */
		70715D792B79CE16003B9DF8 /* Nuke */ = {
			isa = XCSwiftPackageProductDependency;
			package = 70715D782B79CE16003B9DF8 /* XCRemoteSwiftPackageReference "Nuke" */;
			productName = Nuke;
		};
		70715D7B2B79CE16003B9DF8 /* NukeExtensions */ = {
			isa = XCSwiftPackageProductDependency;
			package = 70715D782B79CE16003B9DF8 /* XCRemoteSwiftPackageReference "Nuke" */;
			productName = NukeExtensions;
		};
		70715D7D2B79CE16003B9DF8 /* NukeUI */ = {
			isa = XCSwiftPackageProductDependency;
			package = 70715D782B79CE16003B9DF8 /* XCRemoteSwiftPackageReference "Nuke" */;
			productName = NukeUI;
		};
/* End XCSwiftPackageProductDependency section */
	};
	rootObject = 70715D4E2B79CBC2003B9DF8 /* Project object */;
}
